
Microsoft Visual Studio Solution File, Format Version 12.00
# Visual Studio Version 17
VisualStudioVersion = 17.8.34330.188
MinimumVisualStudioVersion = 10.0.40219.1
Project("{FAE04EC0-301F-11D3-BF4B-00C04F79EFBC}") = "MyLogInSystem", "MyLogInSystem\MyLogInSystem.csproj", "{EE3CD741-2F6D-4205-BBC0-78513ACDCCCB}"
EndProject
Global
	GlobalSection(SolutionConfigurationPlatforms) = preSolution
		Debug|Any CPU = Debug|Any CPU
		Release|Any CPU = Release|Any CPU
	EndGlobalSection
	GlobalSection(ProjectConfigurationPlatforms) = postSolution
		{EE3CD741-2F6D-4205-BBC0-78513ACDCCCB}.Debug|Any CPU.ActiveCfg = Debug|Any CPU
		{EE3CD741-2F6D-4205-BBC0-78513ACDCCCB}.Debug|Any CPU.Build.0 = Debug|Any CPU
		{EE3CD741-2F6D-4205-BBC0-78513ACDCCCB}.Release|Any CPU.ActiveCfg = Release|Any CPU
		{EE3CD741-2F6D-4205-BBC0-78513ACDCCCB}.Release|Any CPU.Build.0 = Release|Any CPU
	EndGlobalSection
	GlobalSection(SolutionProperties) = preSolution
		HideSolutionNode = FALSE
	EndGlobalSection
	GlobalSection(ExtensibilityGlobals) = postSolution
		SolutionGuid = {1E494897-99D2-4A6A-B690-A7C5B3D9DE2A}
	EndGlobalSection
EndGlobal
